
Microsoft Visual Studio Solution File, Format Version 12.00
Project("{FAE04EC0-301F-11D3-BF4B-00C04F79EFBC}") = "AWS", "AWS\AWS.csproj", "{3CB40D3F-9715-4BD4-BDDF-FDA6EBFB45DF}"
EndProject
Global
	GlobalSection(SolutionConfigurationPlatforms) = preSolution
		Debug|Any CPU = Debug|Any CPU
		Release|Any CPU = Release|Any CPU
	EndGlobalSection
	GlobalSection(ProjectConfigurationPlatforms) = postSolution
		{3CB40D3F-9715-4BD4-BDDF-FDA6EBFB45DF}.Debug|Any CPU.ActiveCfg = Debug|Any CPU
		{3CB40D3F-9715-4BD4-BDDF-FDA6EBFB45DF}.Debug|Any CPU.Build.0 = Debug|Any CPU
		{3CB40D3F-9715-4BD4-BDDF-FDA6EBFB45DF}.Release|Any CPU.ActiveCfg = Release|Any CPU
		{3CB40D3F-9715-4BD4-BDDF-FDA6EBFB45DF}.Release|Any CPU.Build.0 = Release|Any CPU
	EndGlobalSection
EndGlobal
